// !$*UTF8*$!
{
	archiveVersion = 1;
	classes = {
	};
	objectVersion = 50;
	objects = {

/* Begin PBXBuildFile section */
		150B41E92533D6E7007292DB /* SignUpViewController.swift in Sources */ = {isa = PBXBuildFile; fileRef = 150B41E82533D6E7007292DB /* SignUpViewController.swift */; };
		150B41EB2533E76E007292DB /* LogInViewController.swift in Sources */ = {isa = PBXBuildFile; fileRef = 150B41EA2533E76E007292DB /* LogInViewController.swift */; };
		150B41ED2533F38D007292DB /* RecoverPasswordViewController.swift in Sources */ = {isa = PBXBuildFile; fileRef = 150B41EC2533F38D007292DB /* RecoverPasswordViewController.swift */; };
		15419A9F25780C8800F7CA1F /* WebServicesManager.swift in Sources */ = {isa = PBXBuildFile; fileRef = 15419A9E25780C8800F7CA1F /* WebServicesManager.swift */; };
		15419AA525780FFC00F7CA1F /* PostWS.swift in Sources */ = {isa = PBXBuildFile; fileRef = 15419AA425780FFC00F7CA1F /* PostWS.swift */; };
		15419AA9257812E400F7CA1F /* PostBL.swift in Sources */ = {isa = PBXBuildFile; fileRef = 15419AA8257812E400F7CA1F /* PostBL.swift */; };
		15419AAC257843DC00F7CA1F /* Globals.swift in Sources */ = {isa = PBXBuildFile; fileRef = 15419AAB257843DC00F7CA1F /* Globals.swift */; };
		15419AAF2578453100F7CA1F /* PersonWS.swift in Sources */ = {isa = PBXBuildFile; fileRef = 15419AAE2578453100F7CA1F /* PersonWS.swift */; };
		15419AB225784A6F00F7CA1F /* PersonBL.swift in Sources */ = {isa = PBXBuildFile; fileRef = 15419AB125784A6F00F7CA1F /* PersonBL.swift */; };
		15419AB525787C1100F7CA1F /* CommentsWS.swift in Sources */ = {isa = PBXBuildFile; fileRef = 15419AB425787C1100F7CA1F /* CommentsWS.swift */; };
		15419AB825787CAB00F7CA1F /* CommentBL.swift in Sources */ = {isa = PBXBuildFile; fileRef = 15419AB725787CAB00F7CA1F /* CommentBL.swift */; };
		15419ABB25787DEF00F7CA1F /* LikeWS.swift in Sources */ = {isa = PBXBuildFile; fileRef = 15419ABA25787DEF00F7CA1F /* LikeWS.swift */; };
		15419ABE2578800500F7CA1F /* LikeBL.swift in Sources */ = {isa = PBXBuildFile; fileRef = 15419ABD2578800500F7CA1F /* LikeBL.swift */; };
		15419AC825793B1E00F7CA1F /* TabBarViewController.storyboard in Resources */ = {isa = PBXBuildFile; fileRef = 15419ACA25793B1E00F7CA1F /* TabBarViewController.storyboard */; };
		15542EC32577E19100252F6F /* StreamCell.swift in Sources */ = {isa = PBXBuildFile; fileRef = 15542EC22577E19100252F6F /* StreamCell.swift */; };
		157365D3256F362B0081E7E3 /* ImageDownloader.swift in Sources */ = {isa = PBXBuildFile; fileRef = 157365D2256F362B0081E7E3 /* ImageDownloader.swift */; };
		157365D5256F37F10081E7E3 /* AlertManager.swift in Sources */ = {isa = PBXBuildFile; fileRef = 157365D4256F37F10081E7E3 /* AlertManager.swift */; };
		157365D7256F39A60081E7E3 /* FollowerBE.swift in Sources */ = {isa = PBXBuildFile; fileRef = 157365D6256F39A60081E7E3 /* FollowerBE.swift */; };
		159BFF00257952DC00CD5124 /* AuthWS.swift in Sources */ = {isa = PBXBuildFile; fileRef = 159BFEFF257952DC00CD5124 /* AuthWS.swift */; };
		159BFF032579534F00CD5124 /* Closures.swift in Sources */ = {isa = PBXBuildFile; fileRef = 159BFF022579534F00CD5124 /* Closures.swift */; };
		159BFF07257972D200CD5124 /* Util.swift in Sources */ = {isa = PBXBuildFile; fileRef = 159BFF06257972D200CD5124 /* Util.swift */; };
		159BFF0E257C6A0700CD5124 /* ImagePicker.swift in Sources */ = {isa = PBXBuildFile; fileRef = 159BFF0D257C6A0700CD5124 /* ImagePicker.swift */; };
		159BFF11257C6A5900CD5124 /* SelectImageViewController.swift in Sources */ = {isa = PBXBuildFile; fileRef = 159BFF10257C6A5900CD5124 /* SelectImageViewController.swift */; };
		159BFF15257C6AF100CD5124 /* CSJSON.swift in Sources */ = {isa = PBXBuildFile; fileRef = 159BFF14257C6AF100CD5124 /* CSJSON.swift */; };
		159BFF19257C6B0D00CD5124 /* CSWebServiceAttachFile.swift in Sources */ = {isa = PBXBuildFile; fileRef = 159BFF18257C6B0D00CD5124 /* CSWebServiceAttachFile.swift */; };
		159BFF1C257C6B2A00CD5124 /* WebServiceManager.swift in Sources */ = {isa = PBXBuildFile; fileRef = 159BFF1B257C6B2A00CD5124 /* WebServiceManager.swift */; };
		15CCC756257CA7FA00C21D37 /* PersonBE.swift in Sources */ = {isa = PBXBuildFile; fileRef = 15CCC755257CA7FA00C21D37 /* PersonBE.swift */; };
		15CCC75A257CA81500C21D37 /* UserBE.swift in Sources */ = {isa = PBXBuildFile; fileRef = 15CCC759257CA81500C21D37 /* UserBE.swift */; };
		15CCC75D257CA82400C21D37 /* PostBE.swift in Sources */ = {isa = PBXBuildFile; fileRef = 15CCC75C257CA82400C21D37 /* PostBE.swift */; };
		15CCC760257CA83400C21D37 /* LikeBE.swift in Sources */ = {isa = PBXBuildFile; fileRef = 15CCC75F257CA83400C21D37 /* LikeBE.swift */; };
		15CCC763257CA8AB00C21D37 /* ProfileBE.swift in Sources */ = {isa = PBXBuildFile; fileRef = 15CCC762257CA8AB00C21D37 /* ProfileBE.swift */; };
		15CCC766257CA8D100C21D37 /* Comment.swift in Sources */ = {isa = PBXBuildFile; fileRef = 15CCC765257CA8D100C21D37 /* Comment.swift */; };
		15CCC76A257CA96500C21D37 /* AuthBL.swift in Sources */ = {isa = PBXBuildFile; fileRef = 15CCC769257CA96500C21D37 /* AuthBL.swift */; };
		15CCC76D257CAF5700C21D37 /* WSUtil.swift in Sources */ = {isa = PBXBuildFile; fileRef = 15CCC76C257CAF5700C21D37 /* WSUtil.swift */; };
		15CCC778257DDA0500C21D37 /* AccountWS.swift in Sources */ = {isa = PBXBuildFile; fileRef = 15CCC777257DDA0500C21D37 /* AccountWS.swift */; };
		15CCC77C257E9DAA00C21D37 /* ProfileWS.swift in Sources */ = {isa = PBXBuildFile; fileRef = 15CCC77B257E9DAA00C21D37 /* ProfileWS.swift */; };
		15D1085D256197A600CC6255 /* Constants.swift in Sources */ = {isa = PBXBuildFile; fileRef = 15D1085C256197A600CC6255 /* Constants.swift */; };
		4E8D72BA25366E3E00573733 /* TFUIView.swift in Sources */ = {isa = PBXBuildFile; fileRef = 4E8D72B925366E3E00573733 /* TFUIView.swift */; };
		4E8D72BD2536716C00573733 /* BTUIView.swift in Sources */ = {isa = PBXBuildFile; fileRef = 4E8D72BC2536716C00573733 /* BTUIView.swift */; };
		4E8D72C02536756E00573733 /* VUIView.swift in Sources */ = {isa = PBXBuildFile; fileRef = 4E8D72BF2536756E00573733 /* VUIView.swift */; };
		8840F8B42579D68700CD1421 /* TVUIView.swift in Sources */ = {isa = PBXBuildFile; fileRef = 8840F8B32579D68700CD1421 /* TVUIView.swift */; };
		8840F8B82579DDC700CD1421 /* CommentCell.swift in Sources */ = {isa = PBXBuildFile; fileRef = 8840F8B72579DDC700CD1421 /* CommentCell.swift */; };
		8896C8AD257DD6B100750E58 /* MyPostViewController.storyboard in Resources */ = {isa = PBXBuildFile; fileRef = 8896C8AC257DD6B100750E58 /* MyPostViewController.storyboard */; };
		8896C8B4257DE55000750E58 /* MyPost.swift in Sources */ = {isa = PBXBuildFile; fileRef = 8896C8B3257DE55000750E58 /* MyPost.swift */; };
		88A0556025753CF8009D35CB /* PostViewController.storyboard in Resources */ = {isa = PBXBuildFile; fileRef = 88A0555F25753CF8009D35CB /* PostViewController.storyboard */; };
		88A0556325753D0A009D35CB /* NewPostViewController.storyboard in Resources */ = {isa = PBXBuildFile; fileRef = 88A0556225753D0A009D35CB /* NewPostViewController.storyboard */; };
		88A0556625753D19009D35CB /* ProfileViewController.storyboard in Resources */ = {isa = PBXBuildFile; fileRef = 88A0556525753D19009D35CB /* ProfileViewController.storyboard */; };
		88A0556925753D9C009D35CB /* Stream.swift in Sources */ = {isa = PBXBuildFile; fileRef = 88A0556825753D9C009D35CB /* Stream.swift */; };
		88A0556F25753F05009D35CB /* NewPost.swift in Sources */ = {isa = PBXBuildFile; fileRef = 88A0556E25753F05009D35CB /* NewPost.swift */; };
		88A0557725753F58009D35CB /* Profile.swift in Sources */ = {isa = PBXBuildFile; fileRef = 88A0557625753F58009D35CB /* Profile.swift */; };
		88A0558125753FBA009D35CB /* PostComments.swift in Sources */ = {isa = PBXBuildFile; fileRef = 88A0558025753FBA009D35CB /* PostComments.swift */; };
		FBD3D19B2526260F0010A094 /* AppDelegate.swift in Sources */ = {isa = PBXBuildFile; fileRef = FBD3D19A2526260F0010A094 /* AppDelegate.swift */; };
		FBD3D19D2526260F0010A094 /* SceneDelegate.swift in Sources */ = {isa = PBXBuildFile; fileRef = FBD3D19C2526260F0010A094 /* SceneDelegate.swift */; };
		FBD3D1A22526260F0010A094 /* Main.storyboard in Resources */ = {isa = PBXBuildFile; fileRef = FBD3D1A02526260F0010A094 /* Main.storyboard */; };
		FBD3D1A4252626110010A094 /* Assets.xcassets in Resources */ = {isa = PBXBuildFile; fileRef = FBD3D1A3252626110010A094 /* Assets.xcassets */; };
		FBD3D1A7252626110010A094 /* LaunchScreen.storyboard in Resources */ = {isa = PBXBuildFile; fileRef = FBD3D1A5252626110010A094 /* LaunchScreen.storyboard */; };
/* End PBXBuildFile section */

/* Begin PBXFileReference section */
		150B41E82533D6E7007292DB /* SignUpViewController.swift */ = {isa = PBXFileReference; lastKnownFileType = sourcecode.swift; path = SignUpViewController.swift; sourceTree = "<group>"; };
		150B41EA2533E76E007292DB /* LogInViewController.swift */ = {isa = PBXFileReference; lastKnownFileType = sourcecode.swift; path = LogInViewController.swift; sourceTree = "<group>"; };
		150B41EC2533F38D007292DB /* RecoverPasswordViewController.swift */ = {isa = PBXFileReference; lastKnownFileType = sourcecode.swift; path = RecoverPasswordViewController.swift; sourceTree = "<group>"; };
		15419A9E25780C8800F7CA1F /* WebServicesManager.swift */ = {isa = PBXFileReference; lastKnownFileType = sourcecode.swift; path = WebServicesManager.swift; sourceTree = "<group>"; };
		15419AA425780FFC00F7CA1F /* PostWS.swift */ = {isa = PBXFileReference; lastKnownFileType = sourcecode.swift; path = PostWS.swift; sourceTree = "<group>"; };
		15419AA8257812E400F7CA1F /* PostBL.swift */ = {isa = PBXFileReference; lastKnownFileType = sourcecode.swift; path = PostBL.swift; sourceTree = "<group>"; };
		15419AAB257843DC00F7CA1F /* Globals.swift */ = {isa = PBXFileReference; lastKnownFileType = sourcecode.swift; path = Globals.swift; sourceTree = "<group>"; };
		15419AAE2578453100F7CA1F /* PersonWS.swift */ = {isa = PBXFileReference; lastKnownFileType = sourcecode.swift; path = PersonWS.swift; sourceTree = "<group>"; };
		15419AB125784A6F00F7CA1F /* PersonBL.swift */ = {isa = PBXFileReference; lastKnownFileType = sourcecode.swift; path = PersonBL.swift; sourceTree = "<group>"; };
		15419AB425787C1100F7CA1F /* CommentsWS.swift */ = {isa = PBXFileReference; lastKnownFileType = sourcecode.swift; path = CommentsWS.swift; sourceTree = "<group>"; };
		15419AB725787CAB00F7CA1F /* CommentBL.swift */ = {isa = PBXFileReference; lastKnownFileType = sourcecode.swift; path = CommentBL.swift; sourceTree = "<group>"; };
		15419ABA25787DEF00F7CA1F /* LikeWS.swift */ = {isa = PBXFileReference; lastKnownFileType = sourcecode.swift; path = LikeWS.swift; sourceTree = "<group>"; };
		15419ABD2578800500F7CA1F /* LikeBL.swift */ = {isa = PBXFileReference; lastKnownFileType = sourcecode.swift; path = LikeBL.swift; sourceTree = "<group>"; };
		15419AC925793B1E00F7CA1F /* Base */ = {isa = PBXFileReference; lastKnownFileType = file.storyboard; name = Base; path = Base.lproj/TabBarViewController.storyboard; sourceTree = "<group>"; };
		15542EC22577E19100252F6F /* StreamCell.swift */ = {isa = PBXFileReference; lastKnownFileType = sourcecode.swift; path = StreamCell.swift; sourceTree = "<group>"; };
		157365D2256F362B0081E7E3 /* ImageDownloader.swift */ = {isa = PBXFileReference; lastKnownFileType = sourcecode.swift; path = ImageDownloader.swift; sourceTree = "<group>"; };
		157365D4256F37F10081E7E3 /* AlertManager.swift */ = {isa = PBXFileReference; lastKnownFileType = sourcecode.swift; path = AlertManager.swift; sourceTree = "<group>"; };
		157365D6256F39A60081E7E3 /* FollowerBE.swift */ = {isa = PBXFileReference; lastKnownFileType = sourcecode.swift; path = FollowerBE.swift; sourceTree = "<group>"; };
		159BFEFF257952DC00CD5124 /* AuthWS.swift */ = {isa = PBXFileReference; lastKnownFileType = sourcecode.swift; path = AuthWS.swift; sourceTree = "<group>"; };
		159BFF022579534F00CD5124 /* Closures.swift */ = {isa = PBXFileReference; lastKnownFileType = sourcecode.swift; path = Closures.swift; sourceTree = "<group>"; };
		159BFF06257972D200CD5124 /* Util.swift */ = {isa = PBXFileReference; lastKnownFileType = sourcecode.swift; path = Util.swift; sourceTree = "<group>"; };
		159BFF0D257C6A0700CD5124 /* ImagePicker.swift */ = {isa = PBXFileReference; lastKnownFileType = sourcecode.swift; path = ImagePicker.swift; sourceTree = "<group>"; };
		159BFF10257C6A5900CD5124 /* SelectImageViewController.swift */ = {isa = PBXFileReference; lastKnownFileType = sourcecode.swift; path = SelectImageViewController.swift; sourceTree = "<group>"; };
		159BFF14257C6AF100CD5124 /* CSJSON.swift */ = {isa = PBXFileReference; lastKnownFileType = sourcecode.swift; path = CSJSON.swift; sourceTree = "<group>"; };
		159BFF18257C6B0D00CD5124 /* CSWebServiceAttachFile.swift */ = {isa = PBXFileReference; lastKnownFileType = sourcecode.swift; path = CSWebServiceAttachFile.swift; sourceTree = "<group>"; };
		159BFF1B257C6B2A00CD5124 /* WebServiceManager.swift */ = {isa = PBXFileReference; lastKnownFileType = sourcecode.swift; path = WebServiceManager.swift; sourceTree = "<group>"; };
		15CCC755257CA7FA00C21D37 /* PersonBE.swift */ = {isa = PBXFileReference; lastKnownFileType = sourcecode.swift; path = PersonBE.swift; sourceTree = "<group>"; };
		15CCC759257CA81500C21D37 /* UserBE.swift */ = {isa = PBXFileReference; lastKnownFileType = sourcecode.swift; path = UserBE.swift; sourceTree = "<group>"; };
		15CCC75C257CA82400C21D37 /* PostBE.swift */ = {isa = PBXFileReference; lastKnownFileType = sourcecode.swift; path = PostBE.swift; sourceTree = "<group>"; };
		15CCC75F257CA83400C21D37 /* LikeBE.swift */ = {isa = PBXFileReference; lastKnownFileType = sourcecode.swift; path = LikeBE.swift; sourceTree = "<group>"; };
		15CCC762257CA8AB00C21D37 /* ProfileBE.swift */ = {isa = PBXFileReference; lastKnownFileType = sourcecode.swift; path = ProfileBE.swift; sourceTree = "<group>"; };
		15CCC765257CA8D100C21D37 /* Comment.swift */ = {isa = PBXFileReference; lastKnownFileType = sourcecode.swift; path = Comment.swift; sourceTree = "<group>"; };
		15CCC769257CA96500C21D37 /* AuthBL.swift */ = {isa = PBXFileReference; lastKnownFileType = sourcecode.swift; path = AuthBL.swift; sourceTree = "<group>"; };
		15CCC76C257CAF5700C21D37 /* WSUtil.swift */ = {isa = PBXFileReference; lastKnownFileType = sourcecode.swift; path = WSUtil.swift; sourceTree = "<group>"; };
		15CCC777257DDA0500C21D37 /* AccountWS.swift */ = {isa = PBXFileReference; lastKnownFileType = sourcecode.swift; path = AccountWS.swift; sourceTree = "<group>"; };
		15CCC77B257E9DAA00C21D37 /* ProfileWS.swift */ = {isa = PBXFileReference; lastKnownFileType = sourcecode.swift; path = ProfileWS.swift; sourceTree = "<group>"; };
		15D1085C256197A600CC6255 /* Constants.swift */ = {isa = PBXFileReference; lastKnownFileType = sourcecode.swift; path = Constants.swift; sourceTree = "<group>"; };
		4E8D72B925366E3E00573733 /* TFUIView.swift */ = {isa = PBXFileReference; lastKnownFileType = sourcecode.swift; path = TFUIView.swift; sourceTree = "<group>"; };
		4E8D72BC2536716C00573733 /* BTUIView.swift */ = {isa = PBXFileReference; lastKnownFileType = sourcecode.swift; path = BTUIView.swift; sourceTree = "<group>"; };
		4E8D72BF2536756E00573733 /* VUIView.swift */ = {isa = PBXFileReference; lastKnownFileType = sourcecode.swift; path = VUIView.swift; sourceTree = "<group>"; };
		8840F8B32579D68700CD1421 /* TVUIView.swift */ = {isa = PBXFileReference; lastKnownFileType = sourcecode.swift; path = TVUIView.swift; sourceTree = "<group>"; };
		8840F8B72579DDC700CD1421 /* CommentCell.swift */ = {isa = PBXFileReference; lastKnownFileType = sourcecode.swift; path = CommentCell.swift; sourceTree = "<group>"; };
		8896C8AC257DD6B100750E58 /* MyPostViewController.storyboard */ = {isa = PBXFileReference; lastKnownFileType = file.storyboard; path = MyPostViewController.storyboard; sourceTree = "<group>"; };
		8896C8B3257DE55000750E58 /* MyPost.swift */ = {isa = PBXFileReference; lastKnownFileType = sourcecode.swift; path = MyPost.swift; sourceTree = "<group>"; };
		88A0555F25753CF8009D35CB /* PostViewController.storyboard */ = {isa = PBXFileReference; lastKnownFileType = file.storyboard; path = PostViewController.storyboard; sourceTree = "<group>"; };
		88A0556225753D0A009D35CB /* NewPostViewController.storyboard */ = {isa = PBXFileReference; lastKnownFileType = file.storyboard; path = NewPostViewController.storyboard; sourceTree = "<group>"; };
		88A0556525753D19009D35CB /* ProfileViewController.storyboard */ = {isa = PBXFileReference; lastKnownFileType = file.storyboard; path = ProfileViewController.storyboard; sourceTree = "<group>"; };
		88A0556825753D9C009D35CB /* Stream.swift */ = {isa = PBXFileReference; lastKnownFileType = sourcecode.swift; path = Stream.swift; sourceTree = "<group>"; };
		88A0556E25753F05009D35CB /* NewPost.swift */ = {isa = PBXFileReference; lastKnownFileType = sourcecode.swift; path = NewPost.swift; sourceTree = "<group>"; };
		88A0557625753F58009D35CB /* Profile.swift */ = {isa = PBXFileReference; lastKnownFileType = sourcecode.swift; path = Profile.swift; sourceTree = "<group>"; };
		88A0558025753FBA009D35CB /* PostComments.swift */ = {isa = PBXFileReference; lastKnownFileType = sourcecode.swift; path = PostComments.swift; sourceTree = "<group>"; };
		FBD3D1972526260F0010A094 /* IsilInsta.app */ = {isa = PBXFileReference; explicitFileType = wrapper.application; includeInIndex = 0; path = IsilInsta.app; sourceTree = BUILT_PRODUCTS_DIR; };
		FBD3D19A2526260F0010A094 /* AppDelegate.swift */ = {isa = PBXFileReference; lastKnownFileType = sourcecode.swift; path = AppDelegate.swift; sourceTree = "<group>"; };
		FBD3D19C2526260F0010A094 /* SceneDelegate.swift */ = {isa = PBXFileReference; lastKnownFileType = sourcecode.swift; path = SceneDelegate.swift; sourceTree = "<group>"; };
		FBD3D1A12526260F0010A094 /* Base */ = {isa = PBXFileReference; lastKnownFileType = file.storyboard; name = Base; path = Base.lproj/Main.storyboard; sourceTree = "<group>"; };
		FBD3D1A3252626110010A094 /* Assets.xcassets */ = {isa = PBXFileReference; lastKnownFileType = folder.assetcatalog; path = Assets.xcassets; sourceTree = "<group>"; };
		FBD3D1A6252626110010A094 /* Base */ = {isa = PBXFileReference; lastKnownFileType = file.storyboard; name = Base; path = Base.lproj/LaunchScreen.storyboard; sourceTree = "<group>"; };
		FBD3D1A8252626110010A094 /* Info.plist */ = {isa = PBXFileReference; lastKnownFileType = text.plist.xml; path = Info.plist; sourceTree = "<group>"; };
/* End PBXFileReference section */

/* Begin PBXFrameworksBuildPhase section */
		FBD3D1942526260F0010A094 /* Frameworks */ = {
			isa = PBXFrameworksBuildPhase;
			buildActionMask = 2147483647;
			files = (
			);
			runOnlyForDeploymentPostprocessing = 0;
		};
/* End PBXFrameworksBuildPhase section */

/* Begin PBXGroup section */
		15419A9C25780C6000F7CA1F /* General */ = {
			isa = PBXGroup;
			children = (
				157365D4256F37F10081E7E3 /* AlertManager.swift */,
				159BFF13257C6ACA00CD5124 /* nCore */,
				15419A9D25780C6F00F7CA1F /* Core */,
				159BFF022579534F00CD5124 /* Closures.swift */,
				15D1085C256197A600CC6255 /* Constants.swift */,
				15419AAB257843DC00F7CA1F /* Globals.swift */,
				159BFF06257972D200CD5124 /* Util.swift */,
			);
			name = General;
			sourceTree = "<group>";
		};
		15419A9D25780C6F00F7CA1F /* Core */ = {
			isa = PBXGroup;
			children = (
				157365D2256F362B0081E7E3 /* ImageDownloader.swift */,
				15419A9E25780C8800F7CA1F /* WebServicesManager.swift */,
			);
			name = Core;
			sourceTree = "<group>";
		};
		15419AA225780CB200F7CA1F /* BE */ = {
			isa = PBXGroup;
			children = (
				157365D6256F39A60081E7E3 /* FollowerBE.swift */,
				15CCC755257CA7FA00C21D37 /* PersonBE.swift */,
				15CCC759257CA81500C21D37 /* UserBE.swift */,
				15CCC75C257CA82400C21D37 /* PostBE.swift */,
				15CCC75F257CA83400C21D37 /* LikeBE.swift */,
				15CCC762257CA8AB00C21D37 /* ProfileBE.swift */,
				15CCC765257CA8D100C21D37 /* Comment.swift */,
			);
			name = BE;
			sourceTree = "<group>";
		};
		15419AA325780F9000F7CA1F /* WS */ = {
			isa = PBXGroup;
			children = (
				15419AA425780FFC00F7CA1F /* PostWS.swift */,
				15419AAE2578453100F7CA1F /* PersonWS.swift */,
				15419AB425787C1100F7CA1F /* CommentsWS.swift */,
				15419ABA25787DEF00F7CA1F /* LikeWS.swift */,
				159BFEFF257952DC00CD5124 /* AuthWS.swift */,
				15CCC76C257CAF5700C21D37 /* WSUtil.swift */,
				15CCC777257DDA0500C21D37 /* AccountWS.swift */,
				15CCC77B257E9DAA00C21D37 /* ProfileWS.swift */,
			);
			name = WS;
			sourceTree = "<group>";
		};
		15419AA7257812D100F7CA1F /* BL */ = {
			isa = PBXGroup;
			children = (
				15419AA8257812E400F7CA1F /* PostBL.swift */,
				15419AB125784A6F00F7CA1F /* PersonBL.swift */,
				15419AB725787CAB00F7CA1F /* CommentBL.swift */,
				15419ABD2578800500F7CA1F /* LikeBL.swift */,
				15CCC769257CA96500C21D37 /* AuthBL.swift */,
			);
			name = BL;
			sourceTree = "<group>";
		};
		159BFF13257C6ACA00CD5124 /* nCore */ = {
			isa = PBXGroup;
			children = (
				159BFF14257C6AF100CD5124 /* CSJSON.swift */,
				159BFF18257C6B0D00CD5124 /* CSWebServiceAttachFile.swift */,
				159BFF1B257C6B2A00CD5124 /* WebServiceManager.swift */,
			);
			name = nCore;
			sourceTree = "<group>";
		};
		15CCC749257CA5AA00C21D37 /* Assets */ = {
			isa = PBXGroup;
			children = (
				FBD3D1A3252626110010A094 /* Assets.xcassets */,
			);
			name = Assets;
			sourceTree = "<group>";
		};
		15CCC74B257CA69900C21D37 /* CustomUIClasses */ = {
			isa = PBXGroup;
			children = (
				4E8D72B925366E3E00573733 /* TFUIView.swift */,
				4E8D72BC2536716C00573733 /* BTUIView.swift */,
				4E8D72BF2536756E00573733 /* VUIView.swift */,
				8840F8B32579D68700CD1421 /* TVUIView.swift */,
			);
			name = CustomUIClasses;
			sourceTree = "<group>";
		};
		15CCC74C257CA6C300C21D37 /* Flows */ = {
			isa = PBXGroup;
			children = (
				15CCC751257CA75100C21D37 /* MainInterface */,
				15CCC74D257CA6CB00C21D37 /* Login */,
			);
			name = Flows;
			sourceTree = "<group>";
		};
		15CCC74D257CA6CB00C21D37 /* Login */ = {
			isa = PBXGroup;
			children = (
				15CCC74F257CA6F500C21D37 /* ViewControllers */,
				15CCC74E257CA6D700C21D37 /* Storyboards */,
			);
			name = Login;
			sourceTree = "<group>";
		};
		15CCC74E257CA6D700C21D37 /* Storyboards */ = {
			isa = PBXGroup;
			children = (
				FBD3D1A02526260F0010A094 /* Main.storyboard */,
			);
			name = Storyboards;
			sourceTree = "<group>";
		};
		15CCC74F257CA6F500C21D37 /* ViewControllers */ = {
			isa = PBXGroup;
			children = (
				150B41EA2533E76E007292DB /* LogInViewController.swift */,
				150B41E82533D6E7007292DB /* SignUpViewController.swift */,
				150B41EC2533F38D007292DB /* RecoverPasswordViewController.swift */,
			);
			name = ViewControllers;
			sourceTree = "<group>";
		};
		15CCC751257CA75100C21D37 /* MainInterface */ = {
			isa = PBXGroup;
			children = (
				15CCC753257CA78700C21D37 /* ViewControllers */,
				15CCC752257CA77C00C21D37 /* StoryBoards */,
			);
			name = MainInterface;
			sourceTree = "<group>";
		};
		15CCC752257CA77C00C21D37 /* StoryBoards */ = {
			isa = PBXGroup;
			children = (
				88A0555F25753CF8009D35CB /* PostViewController.storyboard */,
				88A0556225753D0A009D35CB /* NewPostViewController.storyboard */,
				15419ACA25793B1E00F7CA1F /* TabBarViewController.storyboard */,
				88A0556525753D19009D35CB /* ProfileViewController.storyboard */,
				8896C8AC257DD6B100750E58 /* MyPostViewController.storyboard */,
			);
			name = StoryBoards;
			sourceTree = "<group>";
		};
		15CCC753257CA78700C21D37 /* ViewControllers */ = {
			isa = PBXGroup;
			children = (
				88A0556825753D9C009D35CB /* Stream.swift */,
				88A0556E25753F05009D35CB /* NewPost.swift */,
				88A0557625753F58009D35CB /* Profile.swift */,
				88A0558025753FBA009D35CB /* PostComments.swift */,
				15542EC22577E19100252F6F /* StreamCell.swift */,
				8840F8B72579DDC700CD1421 /* CommentCell.swift */,
				8896C8B3257DE55000750E58 /* MyPost.swift */,
			);
			name = ViewControllers;
			sourceTree = "<group>";
		};
		88A0555A25753B05009D35CB /* Class */ = {
			isa = PBXGroup;
			children = (
				159BFF0D257C6A0700CD5124 /* ImagePicker.swift */,
				159BFF10257C6A5900CD5124 /* SelectImageViewController.swift */,
			);
			path = Class;
			sourceTree = "<group>";
		};
		88A0555B25753B18009D35CB /* ExtraViews */ = {
			isa = PBXGroup;
			children = (
				FBD3D1A5252626110010A094 /* LaunchScreen.storyboard */,
			);
			path = ExtraViews;
			sourceTree = "<group>";
		};
		FBD3D18E2526260F0010A094 = {
			isa = PBXGroup;
			children = (
				FBD3D1992526260F0010A094 /* InputConConstraints */,
				FBD3D1982526260F0010A094 /* Products */,
			);
			sourceTree = "<group>";
		};
		FBD3D1982526260F0010A094 /* Products */ = {
			isa = PBXGroup;
			children = (
				FBD3D1972526260F0010A094 /* IsilInsta.app */,
			);
			name = Products;
			sourceTree = "<group>";
		};
		FBD3D1992526260F0010A094 /* InputConConstraints */ = {
			isa = PBXGroup;
			children = (
				15CCC74C257CA6C300C21D37 /* Flows */,
				15CCC74B257CA69900C21D37 /* CustomUIClasses */,
				15CCC749257CA5AA00C21D37 /* Assets */,
				15419AA7257812D100F7CA1F /* BL */,
				15419AA325780F9000F7CA1F /* WS */,
				15419AA225780CB200F7CA1F /* BE */,
				15419A9C25780C6000F7CA1F /* General */,
				88A0555B25753B18009D35CB /* ExtraViews */,
				88A0555A25753B05009D35CB /* Class */,
				FBD3D19A2526260F0010A094 /* AppDelegate.swift */,
				FBD3D19C2526260F0010A094 /* SceneDelegate.swift */,
				FBD3D1A8252626110010A094 /* Info.plist */,
			);
			path = InputConConstraints;
			sourceTree = "<group>";
		};
/* End PBXGroup section */

/* Begin PBXNativeTarget section */
		FBD3D1962526260F0010A094 /* InputConConstraints */ = {
			isa = PBXNativeTarget;
			buildConfigurationList = FBD3D1AB252626110010A094 /* Build configuration list for PBXNativeTarget "InputConConstraints" */;
			buildPhases = (
				FBD3D1932526260F0010A094 /* Sources */,
				FBD3D1942526260F0010A094 /* Frameworks */,
				FBD3D1952526260F0010A094 /* Resources */,
			);
			buildRules = (
			);
			dependencies = (
			);
			name = InputConConstraints;
			productName = InputConConstraints;
			productReference = FBD3D1972526260F0010A094 /* IsilInsta.app */;
			productType = "com.apple.product-type.application";
		};
/* End PBXNativeTarget section */

/* Begin PBXProject section */
		FBD3D18F2526260F0010A094 /* Project object */ = {
			isa = PBXProject;
			attributes = {
				LastSwiftUpdateCheck = 1170;
				LastUpgradeCheck = 1220;
				ORGANIZATIONNAME = "Kenyi Rodriguez";
				TargetAttributes = {
					FBD3D1962526260F0010A094 = {
						CreatedOnToolsVersion = 11.7;
					};
				};
			};
			buildConfigurationList = FBD3D1922526260F0010A094 /* Build configuration list for PBXProject "InputConConstraints" */;
			compatibilityVersion = "Xcode 9.3";
			developmentRegion = en;
			hasScannedForEncodings = 0;
			knownRegions = (
				en,
				Base,
			);
			mainGroup = FBD3D18E2526260F0010A094;
			productRefGroup = FBD3D1982526260F0010A094 /* Products */;
			projectDirPath = "";
			projectRoot = "";
			targets = (
				FBD3D1962526260F0010A094 /* InputConConstraints */,
			);
		};
/* End PBXProject section */

/* Begin PBXResourcesBuildPhase section */
		FBD3D1952526260F0010A094 /* Resources */ = {
			isa = PBXResourcesBuildPhase;
			buildActionMask = 2147483647;
			files = (
				88A0556325753D0A009D35CB /* NewPostViewController.storyboard in Resources */,
				8896C8AD257DD6B100750E58 /* MyPostViewController.storyboard in Resources */,
				FBD3D1A7252626110010A094 /* LaunchScreen.storyboard in Resources */,
				88A0556025753CF8009D35CB /* PostViewController.storyboard in Resources */,
				FBD3D1A4252626110010A094 /* Assets.xcassets in Resources */,
				15419AC825793B1E00F7CA1F /* TabBarViewController.storyboard in Resources */,
				88A0556625753D19009D35CB /* ProfileViewController.storyboard in Resources */,
				FBD3D1A22526260F0010A094 /* Main.storyboard in Resources */,
			);
			runOnlyForDeploymentPostprocessing = 0;
		};
/* End PBXResourcesBuildPhase section */

/* Begin PBXSourcesBuildPhase section */
		FBD3D1932526260F0010A094 /* Sources */ = {
			isa = PBXSourcesBuildPhase;
			buildActionMask = 2147483647;
			files = (
				15419AB525787C1100F7CA1F /* CommentsWS.swift in Sources */,
				4E8D72BA25366E3E00573733 /* TFUIView.swift in Sources */,
				157365D5256F37F10081E7E3 /* AlertManager.swift in Sources */,
				88A0557725753F58009D35CB /* Profile.swift in Sources */,
				15CCC75D257CA82400C21D37 /* PostBE.swift in Sources */,
				15CCC77C257E9DAA00C21D37 /* ProfileWS.swift in Sources */,
				159BFF11257C6A5900CD5124 /* SelectImageViewController.swift in Sources */,
				15419A9F25780C8800F7CA1F /* WebServicesManager.swift in Sources */,
				15419AB825787CAB00F7CA1F /* CommentBL.swift in Sources */,
				FBD3D19B2526260F0010A094 /* AppDelegate.swift in Sources */,
				159BFF07257972D200CD5124 /* Util.swift in Sources */,
				15CCC760257CA83400C21D37 /* LikeBE.swift in Sources */,
				15CCC756257CA7FA00C21D37 /* PersonBE.swift in Sources */,
				8840F8B82579DDC700CD1421 /* CommentCell.swift in Sources */,
				88A0558125753FBA009D35CB /* PostComments.swift in Sources */,
				150B41E92533D6E7007292DB /* SignUpViewController.swift in Sources */,
				159BFF15257C6AF100CD5124 /* CSJSON.swift in Sources */,
				15419ABE2578800500F7CA1F /* LikeBL.swift in Sources */,
				150B41EB2533E76E007292DB /* LogInViewController.swift in Sources */,
				159BFF00257952DC00CD5124 /* AuthWS.swift in Sources */,
				150B41ED2533F38D007292DB /* RecoverPasswordViewController.swift in Sources */,
				159BFF19257C6B0D00CD5124 /* CSWebServiceAttachFile.swift in Sources */,
				159BFF032579534F00CD5124 /* Closures.swift in Sources */,
				15419AAF2578453100F7CA1F /* PersonWS.swift in Sources */,
				15CCC76A257CA96500C21D37 /* AuthBL.swift in Sources */,
				157365D7256F39A60081E7E3 /* FollowerBE.swift in Sources */,
				159BFF0E257C6A0700CD5124 /* ImagePicker.swift in Sources */,
				8840F8B42579D68700CD1421 /* TVUIView.swift in Sources */,
				15CCC75A257CA81500C21D37 /* UserBE.swift in Sources */,
				15419ABB25787DEF00F7CA1F /* LikeWS.swift in Sources */,
				15CCC766257CA8D100C21D37 /* Comment.swift in Sources */,
				15542EC32577E19100252F6F /* StreamCell.swift in Sources */,
				FBD3D19D2526260F0010A094 /* SceneDelegate.swift in Sources */,
				15419AB225784A6F00F7CA1F /* PersonBL.swift in Sources */,
				157365D3256F362B0081E7E3 /* ImageDownloader.swift in Sources */,
				15419AA9257812E400F7CA1F /* PostBL.swift in Sources */,
				88A0556F25753F05009D35CB /* NewPost.swift in Sources */,
				15CCC763257CA8AB00C21D37 /* ProfileBE.swift in Sources */,
				15419AAC257843DC00F7CA1F /* Globals.swift in Sources */,
				4E8D72BD2536716C00573733 /* BTUIView.swift in Sources */,
				15CCC76D257CAF5700C21D37 /* WSUtil.swift in Sources */,
				159BFF1C257C6B2A00CD5124 /* WebServiceManager.swift in Sources */,
				88A0556925753D9C009D35CB /* Stream.swift in Sources */,
				4E8D72C02536756E00573733 /* VUIView.swift in Sources */,
				15CCC778257DDA0500C21D37 /* AccountWS.swift in Sources */,
				15D1085D256197A600CC6255 /* Constants.swift in Sources */,
				15419AA525780FFC00F7CA1F /* PostWS.swift in Sources */,
				8896C8B4257DE55000750E58 /* MyPost.swift in Sources */,
			);
			runOnlyForDeploymentPostprocessing = 0;
		};
/* End PBXSourcesBuildPhase section */

/* Begin PBXVariantGroup section */
		15419ACA25793B1E00F7CA1F /* TabBarViewController.storyboard */ = {
			isa = PBXVariantGroup;
			children = (
				15419AC925793B1E00F7CA1F /* Base */,
			);
			name = TabBarViewController.storyboard;
			sourceTree = "<group>";
		};
		FBD3D1A02526260F0010A094 /* Main.storyboard */ = {
			isa = PBXVariantGroup;
			children = (
				FBD3D1A12526260F0010A094 /* Base */,
			);
			name = Main.storyboard;
			sourceTree = "<group>";
		};
		FBD3D1A5252626110010A094 /* LaunchScreen.storyboard */ = {
			isa = PBXVariantGroup;
			children = (
				FBD3D1A6252626110010A094 /* Base */,
			);
			name = LaunchScreen.storyboard;
			sourceTree = "<group>";
		};
/* End PBXVariantGroup section */

/* Begin XCBuildConfiguration section */
		FBD3D1A9252626110010A094 /* Debug */ = {
			isa = XCBuildConfiguration;
			buildSettings = {
				ALWAYS_SEARCH_USER_PATHS = NO;
				CLANG_ANALYZER_NONNULL = YES;
				CLANG_ANALYZER_NUMBER_OBJECT_CONVERSION = YES_AGGRESSIVE;
				CLANG_CXX_LANGUAGE_STANDARD = "gnu++14";
				CLANG_CXX_LIBRARY = "libc++";
				CLANG_ENABLE_MODULES = YES;
				CLANG_ENABLE_OBJC_ARC = YES;
				CLANG_ENABLE_OBJC_WEAK = YES;
				CLANG_WARN_BLOCK_CAPTURE_AUTORELEASING = YES;
				CLANG_WARN_BOOL_CONVERSION = YES;
				CLANG_WARN_COMMA = YES;
				CLANG_WARN_CONSTANT_CONVERSION = YES;
				CLANG_WARN_DEPRECATED_OBJC_IMPLEMENTATIONS = YES;
				CLANG_WARN_DIRECT_OBJC_ISA_USAGE = YES_ERROR;
				CLANG_WARN_DOCUMENTATION_COMMENTS = YES;
				CLANG_WARN_EMPTY_BODY = YES;
				CLANG_WARN_ENUM_CONVERSION = YES;
				CLANG_WARN_INFINITE_RECURSION = YES;
				CLANG_WARN_INT_CONVERSION = YES;
				CLANG_WARN_NON_LITERAL_NULL_CONVERSION = YES;
				CLANG_WARN_OBJC_IMPLICIT_RETAIN_SELF = YES;
				CLANG_WARN_OBJC_LITERAL_CONVERSION = YES;
				CLANG_WARN_OBJC_ROOT_CLASS = YES_ERROR;
				CLANG_WARN_QUOTED_INCLUDE_IN_FRAMEWORK_HEADER = YES;
				CLANG_WARN_RANGE_LOOP_ANALYSIS = YES;
				CLANG_WARN_STRICT_PROTOTYPES = YES;
				CLANG_WARN_SUSPICIOUS_MOVE = YES;
				CLANG_WARN_UNGUARDED_AVAILABILITY = YES_AGGRESSIVE;
				CLANG_WARN_UNREACHABLE_CODE = YES;
				CLANG_WARN__DUPLICATE_METHOD_MATCH = YES;
				COPY_PHASE_STRIP = NO;
				DEBUG_INFORMATION_FORMAT = dwarf;
				ENABLE_STRICT_OBJC_MSGSEND = YES;
				ENABLE_TESTABILITY = YES;
				GCC_C_LANGUAGE_STANDARD = gnu11;
				GCC_DYNAMIC_NO_PIC = NO;
				GCC_NO_COMMON_BLOCKS = YES;
				GCC_OPTIMIZATION_LEVEL = 0;
				GCC_PREPROCESSOR_DEFINITIONS = (
					"DEBUG=1",
					"$(inherited)",
				);
				GCC_WARN_64_TO_32_BIT_CONVERSION = YES;
				GCC_WARN_ABOUT_RETURN_TYPE = YES_ERROR;
				GCC_WARN_UNDECLARED_SELECTOR = YES;
				GCC_WARN_UNINITIALIZED_AUTOS = YES_AGGRESSIVE;
				GCC_WARN_UNUSED_FUNCTION = YES;
				GCC_WARN_UNUSED_VARIABLE = YES;
				IPHONEOS_DEPLOYMENT_TARGET = 13.7;
				MTL_ENABLE_DEBUG_INFO = INCLUDE_SOURCE;
				MTL_FAST_MATH = YES;
				ONLY_ACTIVE_ARCH = YES;
				SDKROOT = iphoneos;
				SWIFT_ACTIVE_COMPILATION_CONDITIONS = DEBUG;
				SWIFT_OPTIMIZATION_LEVEL = "-Onone";
			};
			name = Debug;
		};
		FBD3D1AA252626110010A094 /* Release */ = {
			isa = XCBuildConfiguration;
			buildSettings = {
				ALWAYS_SEARCH_USER_PATHS = NO;
				CLANG_ANALYZER_NONNULL = YES;
				CLANG_ANALYZER_NUMBER_OBJECT_CONVERSION = YES_AGGRESSIVE;
				CLANG_CXX_LANGUAGE_STANDARD = "gnu++14";
				CLANG_CXX_LIBRARY = "libc++";
				CLANG_ENABLE_MODULES = YES;
				CLANG_ENABLE_OBJC_ARC = YES;
				CLANG_ENABLE_OBJC_WEAK = YES;
				CLANG_WARN_BLOCK_CAPTURE_AUTORELEASING = YES;
				CLANG_WARN_BOOL_CONVERSION = YES;
				CLANG_WARN_COMMA = YES;
				CLANG_WARN_CONSTANT_CONVERSION = YES;
				CLANG_WARN_DEPRECATED_OBJC_IMPLEMENTATIONS = YES;
				CLANG_WARN_DIRECT_OBJC_ISA_USAGE = YES_ERROR;
				CLANG_WARN_DOCUMENTATION_COMMENTS = YES;
				CLANG_WARN_EMPTY_BODY = YES;
				CLANG_WARN_ENUM_CONVERSION = YES;
				CLANG_WARN_INFINITE_RECURSION = YES;
				CLANG_WARN_INT_CONVERSION = YES;
				CLANG_WARN_NON_LITERAL_NULL_CONVERSION = YES;
				CLANG_WARN_OBJC_IMPLICIT_RETAIN_SELF = YES;
				CLANG_WARN_OBJC_LITERAL_CONVERSION = YES;
				CLANG_WARN_OBJC_ROOT_CLASS = YES_ERROR;
				CLANG_WARN_QUOTED_INCLUDE_IN_FRAMEWORK_HEADER = YES;
				CLANG_WARN_RANGE_LOOP_ANALYSIS = YES;
				CLANG_WARN_STRICT_PROTOTYPES = YES;
				CLANG_WARN_SUSPICIOUS_MOVE = YES;
				CLANG_WARN_UNGUARDED_AVAILABILITY = YES_AGGRESSIVE;
				CLANG_WARN_UNREACHABLE_CODE = YES;
				CLANG_WARN__DUPLICATE_METHOD_MATCH = YES;
				COPY_PHASE_STRIP = NO;
				DEBUG_INFORMATION_FORMAT = "dwarf-with-dsym";
				ENABLE_NS_ASSERTIONS = NO;
				ENABLE_STRICT_OBJC_MSGSEND = YES;
				GCC_C_LANGUAGE_STANDARD = gnu11;
				GCC_NO_COMMON_BLOCKS = YES;
				GCC_WARN_64_TO_32_BIT_CONVERSION = YES;
				GCC_WARN_ABOUT_RETURN_TYPE = YES_ERROR;
				GCC_WARN_UNDECLARED_SELECTOR = YES;
				GCC_WARN_UNINITIALIZED_AUTOS = YES_AGGRESSIVE;
				GCC_WARN_UNUSED_FUNCTION = YES;
				GCC_WARN_UNUSED_VARIABLE = YES;
				IPHONEOS_DEPLOYMENT_TARGET = 13.7;
				MTL_ENABLE_DEBUG_INFO = NO;
				MTL_FAST_MATH = YES;
				SDKROOT = iphoneos;
				SWIFT_COMPILATION_MODE = wholemodule;
				SWIFT_OPTIMIZATION_LEVEL = "-O";
				VALIDATE_PRODUCT = YES;
			};
			name = Release;
		};
		FBD3D1AC252626110010A094 /* Debug */ = {
			isa = XCBuildConfiguration;
			buildSettings = {
				ASSETCATALOG_COMPILER_APPICON_NAME = AppIcon;
				CODE_SIGN_STYLE = Automatic;
				DEVELOPMENT_TEAM = 6T8FY6A3W4;
				INFOPLIST_FILE = InputConConstraints/Info.plist;
				IPHONEOS_DEPLOYMENT_TARGET = 14.0;
				LD_RUNPATH_SEARCH_PATHS = (
					"$(inherited)",
					"@executable_path/Frameworks",
				);
				MARKETING_VERSION = 0.1;
				PRODUCT_BUNDLE_IDENTIFIER = com.vs.isilinsta;
				PRODUCT_NAME = IsilInsta;
				SWIFT_VERSION = 5.0;
				TARGETED_DEVICE_FAMILY = 1;
			};
			name = Debug;
		};
		FBD3D1AD252626110010A094 /* Release */ = {
			isa = XCBuildConfiguration;
			buildSettings = {
				ASSETCATALOG_COMPILER_APPICON_NAME = AppIcon;
				CODE_SIGN_STYLE = Automatic;
				DEVELOPMENT_TEAM = 6T8FY6A3W4;
				INFOPLIST_FILE = InputConConstraints/Info.plist;
				IPHONEOS_DEPLOYMENT_TARGET = 14.0;
				LD_RUNPATH_SEARCH_PATHS = (
					"$(inherited)",
					"@executable_path/Frameworks",
				);
				MARKETING_VERSION = 0.1;
				PRODUCT_BUNDLE_IDENTIFIER = com.vs.isilinsta;
				PRODUCT_NAME = IsilInsta;
				SWIFT_VERSION = 5.0;
				TARGETED_DEVICE_FAMILY = 1;
			};
			name = Release;
		};
/* End XCBuildConfiguration section */

/* Begin XCConfigurationList section */
		FBD3D1922526260F0010A094 /* Build configuration list for PBXProject "InputConConstraints" */ = {
			isa = XCConfigurationList;
			buildConfigurations = (
				FBD3D1A9252626110010A094 /* Debug */,
				FBD3D1AA252626110010A094 /* Release */,
			);
			defaultConfigurationIsVisible = 0;
			defaultConfigurationName = Release;
		};
		FBD3D1AB252626110010A094 /* Build configuration list for PBXNativeTarget "InputConConstraints" */ = {
			isa = XCConfigurationList;
			buildConfigurations = (
				FBD3D1AC252626110010A094 /* Debug */,
				FBD3D1AD252626110010A094 /* Release */,
			);
			defaultConfigurationIsVisible = 0;
			defaultConfigurationName = Release;
		};
/* End XCConfigurationList section */
	};
	rootObject = FBD3D18F2526260F0010A094 /* Project object */;
}
